
Microsoft Visual Studio Solution File, Format Version 12.00
# Visual Studio Version 17
VisualStudioVersion = 17.4.33103.184
MinimumVisualStudioVersion = 10.0.40219.1
Project("{FAE04EC0-301F-11D3-BF4B-00C04F79EFBC}") = "Ex6", "Ex6.csproj", "{E6C07CB0-68E2-4C48-B1F8-26ECC42D3107}"
EndProject
Global
	GlobalSection(SolutionConfigurationPlatforms) = preSolution
		Debug|Any CPU = Debug|Any CPU
		Release|Any CPU = Release|Any CPU
	EndGlobalSection
	GlobalSection(ProjectConfigurationPlatforms) = postSolution
		{E6C07CB0-68E2-4C48-B1F8-26ECC42D3107}.Debug|Any CPU.ActiveCfg = Debug|Any CPU
		{E6C07CB0-68E2-4C48-B1F8-26ECC42D3107}.Debug|Any CPU.Build.0 = Debug|Any CPU
		{E6C07CB0-68E2-4C48-B1F8-26ECC42D3107}.Release|Any CPU.ActiveCfg = Release|Any CPU
		{E6C07CB0-68E2-4C48-B1F8-26ECC42D3107}.Release|Any CPU.Build.0 = Release|Any CPU
	EndGlobalSection
	GlobalSection(SolutionProperties) = preSolution
		HideSolutionNode = FALSE
	EndGlobalSection
	GlobalSection(ExtensibilityGlobals) = postSolution
		SolutionGuid = {10E0065C-929B-4042-9AE0-64BE8974679C}
	EndGlobalSection
EndGlobal
